
Microsoft Visual Studio Solution File, Format Version 12.00
# Visual Studio Version 17
VisualStudioVersion = 17.9.34728.123
MinimumVisualStudioVersion = 10.0.40219.1
Project("{FAE04EC0-301F-11D3-BF4B-00C04F79EFBC}") = "Repaso", "Repaso\Repaso.csproj", "{D309BD26-7158-48ED-9403-B820E15E00E3}"
EndProject
Global
	GlobalSection(SolutionConfigurationPlatforms) = preSolution
		Debug|Any CPU = Debug|Any CPU
		Release|Any CPU = Release|Any CPU
	EndGlobalSection
	GlobalSection(ProjectConfigurationPlatforms) = postSolution
		{D309BD26-7158-48ED-9403-B820E15E00E3}.Debug|Any CPU.ActiveCfg = Debug|Any CPU
		{D309BD26-7158-48ED-9403-B820E15E00E3}.Debug|Any CPU.Build.0 = Debug|Any CPU
		{D309BD26-7158-48ED-9403-B820E15E00E3}.Release|Any CPU.ActiveCfg = Release|Any CPU
		{D309BD26-7158-48ED-9403-B820E15E00E3}.Release|Any CPU.Build.0 = Release|Any CPU
	EndGlobalSection
	GlobalSection(SolutionProperties) = preSolution
		HideSolutionNode = FALSE
	EndGlobalSection
	GlobalSection(ExtensibilityGlobals) = postSolution
		SolutionGuid = {E2F561C0-409A-4FFF-BAAC-5D8BDD3F4BFB}
	EndGlobalSection
EndGlobal
